
Microsoft Visual Studio Solution File, Format Version 12.00
# Visual Studio Version 17
VisualStudioVersion = 17.6.33717.318
MinimumVisualStudioVersion = 10.0.40219.1
Project("{8BC9CEB8-8B4A-11D0-8D11-00A0C91BC942}") = "List_Opashka_Dek", "List_Opashka_Dek\List_Opashka_Dek.vcxproj", "{982E8616-9DA4-46B7-B5D0-54DF958E7F76}"
EndProject
Project("{8BC9CEB8-8B4A-11D0-8D11-00A0C91BC942}") = "Algoritmi", "Algoritmi\Algoritmi.vcxproj", "{CF8F2BA0-962F-48A0-B814-9FC2FD43C5C8}"
EndProject
Project("{8BC9CEB8-8B4A-11D0-8D11-00A0C91BC942}") = "Durveta", "Durveta\Durveta.vcxproj", "{E5A600AD-426C-42AF-AD44-D9DE85EA7782}"
EndProject
Project("{8BC9CEB8-8B4A-11D0-8D11-00A0C91BC942}") = "Graf", "Graf\Graf.vcxproj", "{A17BE5A8-0565-4193-A27A-46A0AFD876FE}"
EndProject
Project("{8BC9CEB8-8B4A-11D0-8D11-00A0C91BC942}") = "Practice", "Practice\Practice.vcxproj", "{DE0EE62E-C5A0-408B-818C-B89A4B238034}"
EndProject
Global
	GlobalSection(SolutionConfigurationPlatforms) = preSolution
		Debug|x64 = Debug|x64
		Debug|x86 = Debug|x86
		Release|x64 = Release|x64
		Release|x86 = Release|x86
	EndGlobalSection
	GlobalSection(ProjectConfigurationPlatforms) = postSolution
		{982E8616-9DA4-46B7-B5D0-54DF958E7F76}.Debug|x64.ActiveCfg = Debug|x64
		{982E8616-9DA4-46B7-B5D0-54DF958E7F76}.Debug|x64.Build.0 = Debug|x64
		{982E8616-9DA4-46B7-B5D0-54DF958E7F76}.Debug|x86.ActiveCfg = Debug|Win32
		{982E8616-9DA4-46B7-B5D0-54DF958E7F76}.Debug|x86.Build.0 = Debug|Win32
		{982E8616-9DA4-46B7-B5D0-54DF958E7F76}.Release|x64.ActiveCfg = Release|x64
		{982E8616-9DA4-46B7-B5D0-54DF958E7F76}.Release|x64.Build.0 = Release|x64
		{982E8616-9DA4-46B7-B5D0-54DF958E7F76}.Release|x86.ActiveCfg = Release|Win32
		{982E8616-9DA4-46B7-B5D0-54DF958E7F76}.Release|x86.Build.0 = Release|Win32
		{CF8F2BA0-962F-48A0-B814-9FC2FD43C5C8}.Debug|x64.ActiveCfg = Debug|x64
		{CF8F2BA0-962F-48A0-B814-9FC2FD43C5C8}.Debug|x64.Build.0 = Debug|x64
		{CF8F2BA0-962F-48A0-B814-9FC2FD43C5C8}.Debug|x86.ActiveCfg = Debug|Win32
		{CF8F2BA0-962F-48A0-B814-9FC2FD43C5C8}.Debug|x86.Build.0 = Debug|Win32
		{CF8F2BA0-962F-48A0-B814-9FC2FD43C5C8}.Release|x64.ActiveCfg = Release|x64
		{CF8F2BA0-962F-48A0-B814-9FC2FD43C5C8}.Release|x64.Build.0 = Release|x64
		{CF8F2BA0-962F-48A0-B814-9FC2FD43C5C8}.Release|x86.ActiveCfg = Release|Win32
		{CF8F2BA0-962F-48A0-B814-9FC2FD43C5C8}.Release|x86.Build.0 = Release|Win32
		{E5A600AD-426C-42AF-AD44-D9DE85EA7782}.Debug|x64.ActiveCfg = Debug|x64
		{E5A600AD-426C-42AF-AD44-D9DE85EA7782}.Debug|x64.Build.0 = Debug|x64
		{E5A600AD-426C-42AF-AD44-D9DE85EA7782}.Debug|x86.ActiveCfg = Debug|Win32
		{E5A600AD-426C-42AF-AD44-D9DE85EA7782}.Debug|x86.Build.0 = Debug|Win32
		{E5A600AD-426C-42AF-AD44-D9DE85EA7782}.Release|x64.ActiveCfg = Release|x64
		{E5A600AD-426C-42AF-AD44-D9DE85EA7782}.Release|x64.Build.0 = Release|x64
		{E5A600AD-426C-42AF-AD44-D9DE85EA7782}.Release|x86.ActiveCfg = Release|Win32
		{E5A600AD-426C-42AF-AD44-D9DE85EA7782}.Release|x86.Build.0 = Release|Win32
		{A17BE5A8-0565-4193-A27A-46A0AFD876FE}.Debug|x64.ActiveCfg = Debug|x64
		{A17BE5A8-0565-4193-A27A-46A0AFD876FE}.Debug|x64.Build.0 = Debug|x64
		{A17BE5A8-0565-4193-A27A-46A0AFD876FE}.Debug|x86.ActiveCfg = Debug|Win32
		{A17BE5A8-0565-4193-A27A-46A0AFD876FE}.Debug|x86.Build.0 = Debug|Win32
		{A17BE5A8-0565-4193-A27A-46A0AFD876FE}.Release|x64.ActiveCfg = Release|x64
		{A17BE5A8-0565-4193-A27A-46A0AFD876FE}.Release|x64.Build.0 = Release|x64
		{A17BE5A8-0565-4193-A27A-46A0AFD876FE}.Release|x86.ActiveCfg = Release|Win32
		{A17BE5A8-0565-4193-A27A-46A0AFD876FE}.Release|x86.Build.0 = Release|Win32
		{DE0EE62E-C5A0-408B-818C-B89A4B238034}.Debug|x64.ActiveCfg = Debug|x64
		{DE0EE62E-C5A0-408B-818C-B89A4B238034}.Debug|x64.Build.0 = Debug|x64
		{DE0EE62E-C5A0-408B-818C-B89A4B238034}.Debug|x86.ActiveCfg = Debug|Win32
		{DE0EE62E-C5A0-408B-818C-B89A4B238034}.Debug|x86.Build.0 = Debug|Win32
		{DE0EE62E-C5A0-408B-818C-B89A4B238034}.Release|x64.ActiveCfg = Release|x64
		{DE0EE62E-C5A0-408B-818C-B89A4B238034}.Release|x64.Build.0 = Release|x64
		{DE0EE62E-C5A0-408B-818C-B89A4B238034}.Release|x86.ActiveCfg = Release|Win32
		{DE0EE62E-C5A0-408B-818C-B89A4B238034}.Release|x86.Build.0 = Release|Win32
	EndGlobalSection
	GlobalSection(SolutionProperties) = preSolution
		HideSolutionNode = FALSE
	EndGlobalSection
	GlobalSection(ExtensibilityGlobals) = postSolution
		SolutionGuid = {48199E56-9C80-4E1C-A910-30E8668E39E2}
	EndGlobalSection
EndGlobal
